
Microsoft Visual Studio Solution File, Format Version 12.00
# Visual Studio Version 17
VisualStudioVersion = 17.4.33213.308
MinimumVisualStudioVersion = 10.0.40219.1
Project("{FAE04EC0-301F-11D3-BF4B-00C04F79EFBC}") = "ADBook-UC13", "ADBook-UC13\ADBook-UC13.csproj", "{CD593345-6037-46BC-BABE-FEB2CB9BC182}"
EndProject
Global
	GlobalSection(SolutionConfigurationPlatforms) = preSolution
		Debug|Any CPU = Debug|Any CPU
		Release|Any CPU = Release|Any CPU
	EndGlobalSection
	GlobalSection(ProjectConfigurationPlatforms) = postSolution
		{CD593345-6037-46BC-BABE-FEB2CB9BC182}.Debug|Any CPU.ActiveCfg = Debug|Any CPU
		{CD593345-6037-46BC-BABE-FEB2CB9BC182}.Debug|Any CPU.Build.0 = Debug|Any CPU
		{CD593345-6037-46BC-BABE-FEB2CB9BC182}.Release|Any CPU.ActiveCfg = Release|Any CPU
		{CD593345-6037-46BC-BABE-FEB2CB9BC182}.Release|Any CPU.Build.0 = Release|Any CPU
	EndGlobalSection
	GlobalSection(SolutionProperties) = preSolution
		HideSolutionNode = FALSE
	EndGlobalSection
	GlobalSection(ExtensibilityGlobals) = postSolution
		SolutionGuid = {5CB8BC90-E5C3-4923-8634-3ED4F1211064}
	EndGlobalSection
EndGlobal
